{
  "name": "sentinel-quantum-vanguard-ai-pro",
  "version": "1.0.0",
  "lockfileVersion": 3,
  "requires": true,
  "packages": {
    "": {
      "name": "sentinel-quantum-vanguard-ai-pro",
      "version": "1.0.0",
      "license": "MIT",
      "dependencies": {
        "firebase": "^11.0.0",
        "framer-motion": "^11.0.0",
        "lucide-react": "^0.344.0",
        "qrcode.react": "^3.1.0",
        "recharts": "^2.12.0"
      },
      "devDependencies": {
        "vite": "^5.0.0",
        "eslint": "^9.0.0",
        "prettier": "^3.0.0"
      },
      "engines": {
        "node": ">=18.0.0"
      }
    }
  },
  "dependencies": {
    "firebase": {
      "version": "11.0.0",
      "resolved": "https://registry.npmjs.org/firebase/-/firebase-11.0.0.tgz",
      "integrity": "sha512-2cX2jvG7HLRUnlZTgU+Q0yWWqvP+nP3NzA3WmFzFZ/FXdBpkb08Qyup5ifkoVeqTzvP4B5JvPZ0c4Y6W8nlJ8g=="
    },
    "framer-motion": {
      "version": "11.0.0",
      "resolved": "https://registry.npmjs.org/framer-motion/-/framer-motion-11.0.0.tgz",
      "integrity": "sha512-mxL4Qdf5M2NQVEUivGygHrWeo8D4TqBIE64Nl2Q2gi1P9a05oNfViWkBpT+EvhTcf1jRZwVZdH8cWUv1H4M2ZQ=="
    },
    "lucide-react": {
      "version": "0.344.0",
      "resolved": "https://registry.npmjs.org/lucide-react/-/lucide-react-0.344.0.tgz",
      "integrity": "sha512-wt4pIscvyrm0mU6s0j8b+Sgej3qDcz6mXUpPcwEoxbKOlwTtsmLw8zMG9UT12R0QjvWvUqO5pr3q7GQHdte4xA=="
    },
    "qrcode.react": {
      "version": "3.1.0",
      "resolved": "https://registry.npmjs.org/qrcode.react/-/qrcode.react-3.1.0.tgz",
      "integrity": "sha512-P8rbcgh44Nq4P0nDbN42fICmKHspEzFioW3Ih/0uMRp7EKYraAOwBOfgP2mX4iKHjkwWk7s6VtZ2flDHUisPjw=="
    },
    "recharts": {
      "version": "2.12.0",
      "resolved": "https://registry.npmjs.org/recharts/-/recharts-2.12.0.tgz",
      "integrity": "sha512-9A+JNCwVDRiCkhzRxZblQdZpS5jQRLRCYm+Ryb0rklBpZo1T/xGUDHrcdbNheNHtjXKJIZeRwE6yGhx0EJqKXw=="
    },
    "vite": {
      "version": "5.0.0",
      "resolved": "https://registry.npmjs.org/vite/-/vite-5.0.0.tgz",
      "integrity": "sha512-IZeInxkTBN1ehIfJ0M7XqB84wAsKEJxfgOP6KKR0o1LGoV2cFvMeGWrIFNslSOKkB7Y0MQaNnXH+I3vHrbFosg=="
    }
  }
}
