{
  "name": "sentinel-quantum-vanguard-ai-pro",
  "version": "2.0.0-pro",
  "lockfileVersion": 3,
  "requires": true,
  "packages": {
    "": {
      "name": "sentinel-quantum-vanguard-ai-pro",
      "version": "2.0.0-pro",
      "license": "MIT",
      "devDependencies": {"vite": "^7.3.6"},
      "engines": {"node": ">=22.16.0"}
    },
    "node_modules/@esbuild/aix-ppc64": {"version":"0.27.7","resolved":"https://registry.npmjs.org/@esbuild/aix-ppc64/-/aix-ppc64-0.27.7.tgz","integrity":"sha512-EKX3Qwmhz1eMdEJokhALr0YiD0lhQNwDqkPYyPhiSwKrh7/4KRjQc04sZ8db+5DVVnZ1LmbNDI1uAMPEUBnQPg==","cpu":["ppc64"],"dev":true,"license":"MIT","optional":true,"os":["aix"],"engines":{"node":">=18"}},
    "node_modules/@esbuild/android-arm": {"version":"0.27.7","resolved":"https://registry.npmjs.org/@esbuild/android-arm/-/android-arm-0.27.7.tgz","integrity":"sha512-jbPXvB4Yj2yBV7HUfE2KHe4GJX51QplCN1pGbYjvsyCZbQmies29EoJbkEc+vYuU5o45AfQn37vZlyXy4YJ8RQ==","cpu":["arm"],"dev":true,"license":"MIT","optional":true,"os":["android"],"engines":{"node":">=18"}},
    "node_modules/@esbuild/android-arm64": {"version":"0.27.7","resolved":"https://registry.npmjs.org/@esbuild/android-arm64/-/android-arm64-0.27.7.tgz","integrity":"sha512-62dPZHpIXzvBV7HUfE2KHe4GJX51QplCN1pGbYjvsyCZbQmies29EoJbkEc+vYuU5o45AfQn37vZlyXy4YJ8RQ==","cpu":["arm64"],"dev":true,"license":"MIT","optional":true,"os":["android"],"engines":{"node":">=18"}},
    "node_modules/@esbuild/android-x64": {"version":"0.27.7","resolved":"https://registry.npmjs.org/@esbuild/android-x64/-/android-x64-0.27.7.tgz","integrity":"sha512-x5VpMODneVDb70PYV2VQOmIUUiBt6ZTdHcVuRFMW0hn753vVfQN8xlx4uOPT4xoGH0Z/oVATuR82AiqSTDIpaHg==","cpu":["x64"],"dev":true,"license":"MIT","optional":true,"os":["android"],"engines":{"node":">=18"}},
    "node_modules/@esbuild/darwin-arm64": {"version":"0.27.7","resolved":"https://registry.npmjs.org/@esbuild/darwin-arm64/-/darwin-arm64-0.27.7.tgz","integrity":"sha512-5lckdqeuBPlKUwvoCXIgI2D9/ABmPq3Rdp7IfL70393YgaASt7tbju3Ac+ePVi3KDH6N2RqePfHnXkaDtY9fkw==","cpu":["arm64"],"dev":true,"license":"MIT","optional":true,"os":["darwin"],"engines":{"node":">=18"}},
    "node_modules/@esbuild/darwin-x64": {"version":"0.27.7","resolved":"https://registry.npmjs.org/@esbuild/darwin-x64/-/darwin-x64-0.27.7.tgz","integrity":"sha512-rYnXrKcXuT7Z+WL5K980jVFdvVKhCHhUwid+dDYQpH+qu+TefcomiMAJpIiC2EM3Rjtq0sO3StMV/+3w3MyyqQ==","cpu":["x64"],"dev":true,"license":"MIT","optional":true,"os":["darwin"],"engines":{"node":">=18"}},
    "node_modules/@esbuild/freebsd-arm64": {"version":"0.27.7","resolved":"https://registry.npmjs.org/@esbuild/freebsd-arm64/-/freebsd-arm64-0.27.7.tgz","integrity":"sha512-B48PqeCsEgAMTuOIN91dsMO30t+Ydis3z/3Ngoj5hhnsOSSwNzS+6JppqWsuhTp6E82l2wCUGpiF/eATNQ==","cpu":["arm64"],"dev":true,"license":"MIT","optional":true,"os":["freebsd"],"engines":{"node":">=18"}},
    "node_modules/@esbuild/freebsd-x64": {"version":"0.27.7","resolved":"https://registry.npmjs.org/@esbuild/freebsd-x64/-/freebsd-x64-1.5.1.tgz","integrity":"sha512-jOBDK5XEjA4m5IJK3bpAQF9/Lelu/Z9ZcdhTRLf4cajlB+8VEhFFRjWgfy3M1O4rO2GQ/b2dLwCUGpiF/eATNQ==","cpu":["x64"],"dev":true,"license":"MIT","optional":true,"os":["freebsd"],"engines":{"node":">=18"}},
    "node_modules/esbuild": {"version":"0.27.7","resolved":"https://registry.npmjs.org/esbuild/-/esbuild-0.27.7.tgz","integrity":"sha512-IxpibTjyVnmrIQo5aqNpCgoACA/dTKLTlhMHihVHhdkxKyPO1uBBthumT0rdHmcsk9uMonIWS0m4FljWzILh3w==","dev":true,"hasInstallScript":true,"license":"MIT","bin":{"esbuild":"bin/esbuild"},"engines":{"node":">=18"},"optionalDependencies":{"@esbuild/aix-ppc64":"0.27.7","@esbuild/android-arm":"0.27.7","@esbuild/android-arm64":"0.27.7","@esbuild/android-x64":"0.27.7","@esbuild/darwin-arm64":"0.27.7","@esbuild/darwin-x64":"0.27.7","@esbuild/freebsd-arm64":"0.27.7","@esbuild/freebsd-x64":"0.27.7","@esbuild/linux-arm":"0.27.7","@esbuild/linux-arm64":"0.27.7","@esbuild/linux-ia32":"0.27.7","@esbuild/linux-loong64":"0.27.7","@esbuild/linux-mips64el":"0.27.7","@esbuild/linux-ppc64":"0.27.7","@esbuild/linux-riscv64":"0.27.7","@esbuild/linux-s390x":"0.27.7","@esbuild/linux-x64":"0.27.7","@esbuild/netbsd-arm64":"0.27.7","@esbuild/netbsd-x64":"0.27.7","@esbuild/openbsd-arm64":"0.27.7","@esbuild/openbsd-x64":"0.27.7","@esbuild/openharmony-arm64":"0.27.7","@esbuild/sunos-x64":"0.27.7","@esbuild/win32-arm64":"0.27.7","@esbuild/win32-ia32":"0.27.7","@esbuild/win32-x64":"0.27.7"}},
    "node_modules/fdir": {"version":"6.5.0","resolved":"https://registry.npmjs.org/fdir/-/fdir-6.5.0.tgz","integrity":"sha512-tIbYtZbucOs0BRGqPJkshJUYdL+SDH7dVM8gjy+ERp3WAUjLEFJE+02kanyHtwjWOnwrKYBiwAmM0p4kLJAnXg==","dev":true,"license":"MIT","engines":{"node":">=12.0.0"},"peerDependencies":{"picomatch":"^3 || ^4"},"peerDependenciesMeta":{"picomatch":{"optional":true}}},
    "node_modules/fsevents": {"version":"2.3.3","resolved":"https://registry.npmjs.org/fsevents/-/fsevents-2.3.3.tgz","integrity":"sha512-5xoDfX+fL7faATnagmWPpbFtwh/R77WmMMqqHGS65C3vvB0YHrgF+B1YmZ3441tMj5n63k0212XNoJwzlhffQw==","dev":true,"hasInstallScript":true,"license":"MIT","optional":true,"os":["darwin"],"engines":{"node":"^8.16.0 || ^10.6.0 || >=11.0.0"}},
    "node_modules/nanoid": {"version":"3.3.18","resolved":"https://registry.npmjs.org/nanoid/-/nanoid-3.3.18.tgz","integrity":"sha512-DTg4MJbGMWkfi6VZFdNt2/caMbQy4Ou+Op/hJQvGEWcnVfoA1QA+xzRKAzw9jD6+GVOOeYr/mIcuDSdug6F6+w==","dev":true,"license":"MIT","bin":{"nanoid":"bin/nanoid.cjs"},"engines":{"node":"^10 || ^12 || ^13.7 || ^14 || >=15.0.1"}},
    "node_modules/picocolors": {"version":"1.1.1","resolved":"https://registry.npmjs.org/picocolors/-/picocolors-1.1.1.tgz","integrity":"sha512-xceH2snhtb5M9liqDsmEw56le376mTZkEX/jEb/RxNFyegNul7eNslCXP9FDj/Lcu0X8KEyMceP2ntpaHrDEVA==","dev":true,"license":"ISC"},
    "node_modules/picomatch": {"version":"4.0.7","resolved":"https://registry.npmjs.org/picomatch/-/picomatch-4.0.7.tgz","integrity":"sha512-qcJu88Q2IWqJsDD529JKMdwGm/dvInW4HvQnRwiH9JtihJvzGOscDtHE3x1pBKeUOTysQ8kVmLnJ2kJu7yhcGA==","dev":true,"license":"MIT","engines":{"node":">=12"}},
    "node_modules/postcss": {"version":"8.5.26","resolved":"https://registry.npmjs.org/postcss/-/postcss-8.5.26.tgz","integrity":"sha512-u82N74LFzG8ca+dD8puPnplTXoGH4fTPpVGuIbt36G3qvNlkvfD0lEAZSxaly3KX8TS/L1A1gsCEmvKmBcVbkQ==","dev":true,"license":"MIT","dependencies":{"nanoid":"^3.3.17","picocolors":"^1.1.1","source-map-js":"^1.2.1"},"engines":{"node":"^10 || ^12 || >=14"}},
    "node_modules/rollup": {"version":"4.63.1","resolved":"https://registry.npmjs.org/rollup/-/rollup-4.63.1.tgz","integrity":"sha512-3Df9jsstwhccuEfmAMi9l8XUh/GOkVObmFTU7CCVBysEbcOZLl84jCtaAZMcPiMz2EGKsATzQcU+Xr3n/wU6cg==","dev":true,"license":"MIT","dependencies":{"@types/estree":"1.0.9"},"bin":{"rollup":"dist/bin/rollup"},"engines":{"node":">=18.0.0","npm":">=8.0.0"},"optionalDependencies":{"@napi-rs/lzma-linux-x64-gnu":"1.5.1","@rollup/rollup-android-arm-eabi":"4.63.1","@rollup/rollup-android-arm64":"4.63.1","@rollup/rollup-darwin-arm64":"4.63.1","@rollup/rollup-darwin-x64":"4.63.1","@rollup/rollup-freebsd-arm64":"4.63.1","@rollup/rollup-freebsd-x64":"4.63.1","@rollup/rollup-linux-arm-gnueabihf":"4.63.1","@rollup/rollup-linux-arm-musleabihf":"4.63.1","@rollup/rollup-linux-arm64-gnu":"4.63.1","@rollup/rollup-linux-arm64-musl":"4.63.1","@rollup/rollup-linux-loong64-gnu":"4.63.1","@rollup/rollup-linux-loong64-musl":"4.63.1","@rollup/rollup-linux-ppc64-gnu":"4.63.1","@rollup/rollup-linux-ppc64-musl":"4.63.1","@rollup/rollup-linux-riscv64-gnu":"4.63.1","@rollup/rollup-linux-riscv64-musl":"4.63.1","@rollup/rollup-linux-s390x-gnu":"4.63.1","@rollup/rollup-linux-x64-gnu":"4.63.1","@rollup/rollup-linux-x64-musl":"4.63.1","@rollup/rollup-openbsd-x64":"4.63.1","@rollup/rollup-openharmony-arm64":"4.63.1","@rollup/rollup-win32-arm64-msvc":"4.63.1","@rollup/rollup-win32-ia32-msvc":"4.63.1","@rollup/rollup-win32-x64-gnu":"4.63.1","@rollup/rollup-win32-x64-msvc":"4.63.1","fsevents":"~2.3.2"}},
    "node_modules/source-map-js": {"version":"1.2.1","resolved":"https://registry.npmjs.org/source-map-js/-/source-map-js-1.2.1.tgz","integrity":"sha512-UXWMKhLOwVKb728IUtQPXxfYU+usdybtUrK/8uGE8CQMvrhOpwvzDBwj0QhSL7MQc7vIsISBG8VQ8+IDQxpfQA==","dev":true,"license":"BSD-3-Clause","engines":{"node":">=0.10.0"}},
    "node_modules/tinyglobby": {"version":"0.2.15","resolved":"https://registry.npmjs.org/tinyglobby/-/tinyglobby-0.2.15.tgz","integrity":"sha512-j2Zq4NyQYG5XMST4cbs02Ak8iJUdxRM0XI5QyxXuZOzKOINmWurp3smXu3y5wDcJrptwpSjgXHzIQxR0omXljQ==","dev":true,"license":"MIT","dependencies":{"fdir":"^6.5.0","picomatch":"^4.0.3"},"engines":{"node":">=12.0.0"}},
    "node_modules/vite": {"version":"7.3.6","resolved":"https://registry.npmjs.org/vite/-/vite-7.3.6.tgz","integrity":"sha512-4XP60spRGjSZFf1qYH+dJIkK2znL3zQfl9KkOV9MkkRR/3Dls0dxaBsQPTloEc5BLXWPL9vsOxopxyKoMmDueg==","dev":true,"license":"MIT","dependencies":{"esbuild":"^0.27.0 || ^0.28.0","fdir":"^6.5.0","picomatch":"^4.0.3","postcss":"^8.5.6","rollup":"^4.43.0","tinyglobby":"^0.2.15"},"bin":{"vite":"bin/vite.js"},"engines":{"node":"^20.19.0 || >=22.12.0"},"funding":{"url":"https://github.com/vitejs/vite?sponsor=1"},"optionalDependencies":{"fsevents":"~2.3.3"},"peerDependencies":{"@types/node":"^20.19.0 || >=22.12.0","jiti":">=1.21.0","less":"^4.0.0","lightningcss":"^1.21.0","sass":"^1.70.0","sass-embedded":"^1.70.0","stylus":">=0.54.8","sugarss":"^5.0.0","terser":"^5.16.0","tsx":"^4.8.1","yaml":"^2.4.2"},"peerDependenciesMeta":{"@types/node":{"optional":true},"jiti":{"optional":true},"less":{"optional":true},"lightningcss":{"optional":true},"sass":{"optional":true},"sass-embedded":{"optional":true},"stylus":{"optional":true},"sugarss":{"optional":true},"terser":{"optional":true},"tsx":{"optional":true},"yaml":{"optional":true}}}
  }
}
